
Microsoft Visual Studio Solution File, Format Version 12.00
Project("{FAE04EC0-301F-11D3-BF4B-00C04F79EFBC}") = "SecretSanta.Backend.Tests", "SecretSanta.Backend.Tests\SecretSanta.Backend.Tests.csproj", "{EB349374-9292-4E5B-BCB5-2D718AD60291}"
EndProject
Project("{FAE04EC0-301F-11D3-BF4B-00C04F79EFBC}") = "SecretSanta.Backend.Web", "SecretSanta.Backend.Web\SecretSanta.Backend.Web.csproj", "{91084409-89F0-466A-A71F-FC1AE01559ED}"
EndProject
Project("{FAE04EC0-301F-11D3-BF4B-00C04F79EFBC}") = "SecretSanta.Backend.DomainModel", "SecretSanta.Backend.DomainModel\SecretSanta.Backend.DomainModel.csproj", "{CFCE1A1A-636A-4183-9AE8-62B6A3C14C66}"
EndProject
Project("{FAE04EC0-301F-11D3-BF4B-00C04F79EFBC}") = "SecretSanta.Backend.Foundation", "SecretSanta.Backend.Foundation\SecretSanta.Backend.Foundation.csproj", "{EF455207-17DB-4F61-8194-783E3DEF6B85}"
EndProject
Global
	GlobalSection(SolutionConfigurationPlatforms) = preSolution
		Debug|Any CPU = Debug|Any CPU
		Release|Any CPU = Release|Any CPU
	EndGlobalSection
	GlobalSection(ProjectConfigurationPlatforms) = postSolution
		{EB349374-9292-4E5B-BCB5-2D718AD60291}.Debug|Any CPU.ActiveCfg = Debug|Any CPU
		{EB349374-9292-4E5B-BCB5-2D718AD60291}.Debug|Any CPU.Build.0 = Debug|Any CPU
		{EB349374-9292-4E5B-BCB5-2D718AD60291}.Release|Any CPU.ActiveCfg = Release|Any CPU
		{EB349374-9292-4E5B-BCB5-2D718AD60291}.Release|Any CPU.Build.0 = Release|Any CPU
		{91084409-89F0-466A-A71F-FC1AE01559ED}.Debug|Any CPU.ActiveCfg = Debug|Any CPU
		{91084409-89F0-466A-A71F-FC1AE01559ED}.Debug|Any CPU.Build.0 = Debug|Any CPU
		{91084409-89F0-466A-A71F-FC1AE01559ED}.Release|Any CPU.ActiveCfg = Release|Any CPU
		{91084409-89F0-466A-A71F-FC1AE01559ED}.Release|Any CPU.Build.0 = Release|Any CPU
		{CFCE1A1A-636A-4183-9AE8-62B6A3C14C66}.Debug|Any CPU.ActiveCfg = Debug|Any CPU
		{CFCE1A1A-636A-4183-9AE8-62B6A3C14C66}.Debug|Any CPU.Build.0 = Debug|Any CPU
		{CFCE1A1A-636A-4183-9AE8-62B6A3C14C66}.Release|Any CPU.ActiveCfg = Release|Any CPU
		{CFCE1A1A-636A-4183-9AE8-62B6A3C14C66}.Release|Any CPU.Build.0 = Release|Any CPU
		{EF455207-17DB-4F61-8194-783E3DEF6B85}.Debug|Any CPU.ActiveCfg = Debug|Any CPU
		{EF455207-17DB-4F61-8194-783E3DEF6B85}.Debug|Any CPU.Build.0 = Debug|Any CPU
		{EF455207-17DB-4F61-8194-783E3DEF6B85}.Release|Any CPU.ActiveCfg = Release|Any CPU
		{EF455207-17DB-4F61-8194-783E3DEF6B85}.Release|Any CPU.Build.0 = Release|Any CPU
	EndGlobalSection
EndGlobal
