
Microsoft Visual Studio Solution File, Format Version 12.00
Project("{FAE04EC0-301F-11D3-BF4B-00C04F79EFBC}") = "SecretSanta.WebApp", "SecretSanta.WebApp\SecretSanta.WebApp.csproj", "{45A361D4-DC74-4E25-93CF-27973AF9A0A4}"
EndProject
Global
	GlobalSection(SolutionConfigurationPlatforms) = preSolution
		Debug|Any CPU = Debug|Any CPU
		Release|Any CPU = Release|Any CPU
	EndGlobalSection
	GlobalSection(ProjectConfigurationPlatforms) = postSolution
		{45A361D4-DC74-4E25-93CF-27973AF9A0A4}.Debug|Any CPU.ActiveCfg = Debug|Any CPU
		{45A361D4-DC74-4E25-93CF-27973AF9A0A4}.Debug|Any CPU.Build.0 = Debug|Any CPU
		{45A361D4-DC74-4E25-93CF-27973AF9A0A4}.Release|Any CPU.ActiveCfg = Release|Any CPU
		{45A361D4-DC74-4E25-93CF-27973AF9A0A4}.Release|Any CPU.Build.0 = Release|Any CPU
	EndGlobalSection
EndGlobal
